# THIS IS AN AUTOGENERATED FILE. DO NOT EDIT THIS FILE DIRECTLY.
# yarn lockfile v1


shades@^2.1.0:
  version "2.1.0"
  resolved "https://registry.yarnpkg.com/shades/-/shades-2.1.0.tgz#5cefc51f6294769e3413d4e4050c9d4e7b00b245"
  integrity sha512-6D+4+lPBjc95ptStD9PzOfrEc2d7zwxWVn2SFEbYaI4EXB5+tcChhyGwOEvbEjGb+d1QS44AcYcSYgWNz5grzg==
