# THIS IS AN AUTOGENERATED FILE. DO NOT EDIT THIS FILE DIRECTLY.
# yarn lockfile v1


"@rhtml/components@^0.0.13":
  version "0.0.13"
  resolved "https://registry.yarnpkg.com/@rhtml/components/-/components-0.0.13.tgz#1f0a00fd35a0576ce6c1435c367a58e92fa40a75"
  integrity sha512-JUSIE7uklPBdb0o6n5R25DjCAAZ8A61ION9iIXN0JTrd5wh+Mh1bypXo/RSZSdZ9/r3qsrxtLlK9BBXWIpyMtg==
  dependencies:
    "@rxdi/lit-html" "^0.7.42"
    shades "^2.1.0"

"@rhtml/experiments@^0.0.13":
  version "0.0.13"
  resolved "https://registry.yarnpkg.com/@rhtml/experiments/-/experiments-0.0.13.tgz#ddedb5075611535a73269578511c452dd753796a"
  integrity sha512-fkq60adNoutcdX89wsKDdI5JosAKPHPC6WkYewO5u3dkZB/tTsapHeDD8rOQG/5tPLlmOiGjCDr8LUzspBb87g==

"@rhtml/graphql@^0.0.13":
  version "0.0.13"
  resolved "https://registry.yarnpkg.com/@rhtml/graphql/-/graphql-0.0.13.tgz#e48f559399c048e18b1ac86595366e1e132dd580"
  integrity sha512-TijkepHSigo/rvqk0VNV2VvkRiBtQEUQuarHlWWic/0QdfN6cZb5/5j+cE0/SK2HXeNkuKmE/L5p48bwUbaZSQ==
  dependencies:
    "@rxdi/core" "^0.7.40"
    "@rxdi/graphql-client" "^0.7.38"
    "@rxdi/lit-html" "^0.7.42"
    graphql "^0.9.0 || ^0.10.0 || ^0.11.0 || ^0.12.0 || ^0.13.0 || ^14.0.0"
    graphql-tag "^2.10.1"
    rxjs "^6.5.3"
    shades "^2.1.0"

"@rhtml/hooks@^0.0.13":
  version "0.0.13"
  resolved "https://registry.yarnpkg.com/@rhtml/hooks/-/hooks-0.0.13.tgz#e5a1dc9dce70d19dfa5ef76596d739b5f6ee1556"
  integrity sha512-IvSS1Z+mMTV2ZQ1t7GYxYW96DkKNhNSGjnfWQLZ6yIIg3BQp830HYNM1dHIjO5jAhD2O92SDSPKiZkeqVzB1tQ==

"@rhtml/operators@^0.0.13":
  version "0.0.13"
  resolved "https://registry.yarnpkg.com/@rhtml/operators/-/operators-0.0.13.tgz#6ad60b9c99169f41565426857fb64792e100039e"
  integrity sha512-eRetHZsfIij5PaWQKRrgbLqO4HJcb9JlsPZVpfC0gLq1vIusV664pVb+JkysUYRux2jughvJySgZb1MjqiUDEA==

"@rxdi/core@^0.7.40":
  version "0.7.41"
  resolved "https://registry.yarnpkg.com/@rxdi/core/-/core-0.7.41.tgz#6cf1ed8f321d7dfc069ae150419ffd89a376a9f6"
  integrity sha512-nG0CD/yaEWFN3QY/nkp6qgWYgRirOOc+13XkFWIu2nVdYk4N4TCHafDAKtGT2iDd0pzdcwaRbB/IotX+lkxg0A==
  dependencies:
    reflect-metadata "0.1.13"
    rxjs "^6.5.3"
    systemjs "0.21.4"

"@rxdi/graphql-client@^0.7.38":
  version "0.7.38"
  resolved "https://registry.yarnpkg.com/@rxdi/graphql-client/-/graphql-client-0.7.38.tgz#0733e06b416f4a866c608ff410e52dbe0d270a5a"
  integrity sha512-vjEtcYY44Nh53oKFvll4AXK68ham2G40MujUesMwJ8YySrKAbsK1abUuGdcTfVsLU3nJqnLWRO0mtax7Al2BcA==
  dependencies:
    apollo-cache-inmemory "^1.6.2"
    apollo-client "^2.6.3"
    apollo-link "^1.2.12"
    apollo-link-context "^1.0.18"
    apollo-link-http "^1.5.15"
    apollo-link-ws "^1.0.18"
    subscriptions-transport-ws "^0.9.16"

"@rxdi/lit-html@^0.7.42":
  version "0.7.42"
  resolved "https://registry.yarnpkg.com/@rxdi/lit-html/-/lit-html-0.7.42.tgz#0c0bd948496b2d869e68a56e3d8603a0cbc38ef9"
  integrity sha512-XKoyXLp877C4+s9Qo2JSlmgrGLNGDanr9SDZlv0HrZ012LQJCjCJCH/s0Dl5OzXPyzUin97pCmZ64ntggpbSbQ==

"@types/node@>=6":
  version "12.12.21"
  resolved "https://registry.yarnpkg.com/@types/node/-/node-12.12.21.tgz#aa44a6363291c7037111c47e4661ad210aded23f"
  integrity sha512-8sRGhbpU+ck1n0PGAUgVrWrWdjSW2aqNeyC15W88GRsMpSwzv6RJGlLhE7s2RhVSOdyDmxbqlWSeThq4/7xqlA==

"@types/zen-observable@^0.8.0":
  version "0.8.0"
  resolved "https://registry.yarnpkg.com/@types/zen-observable/-/zen-observable-0.8.0.tgz#8b63ab7f1aa5321248aad5ac890a485656dcea4d"
  integrity sha512-te5lMAWii1uEJ4FwLjzdlbw3+n0FZNOvFXHxQDKeT0dilh7HOzdMzV2TrJVUzq8ep7J4Na8OUYPRLSQkJHAlrg==

"@wry/context@^0.4.0":
  version "0.4.4"
  resolved "https://registry.yarnpkg.com/@wry/context/-/context-0.4.4.tgz#e50f5fa1d6cfaabf2977d1fda5ae91717f8815f8"
  integrity sha512-LrKVLove/zw6h2Md/KZyWxIkFM6AoyKp71OqpH9Hiip1csjPVoD3tPxlbQUNxEnHENks3UGgNpSBCAfq9KWuag==
  dependencies:
    "@types/node" ">=6"
    tslib "^1.9.3"

"@wry/equality@^0.1.2":
  version "0.1.9"
  resolved "https://registry.yarnpkg.com/@wry/equality/-/equality-0.1.9.tgz#b13e18b7a8053c6858aa6c85b54911fb31e3a909"
  integrity sha512-mB6ceGjpMGz1ZTza8HYnrPGos2mC6So4NhS1PtZ8s4Qt0K7fBiIGhpSxUbQmhwcSWE3no+bYxmI2OL6KuXYmoQ==
  dependencies:
    tslib "^1.9.3"

apollo-cache-inmemory@^1.6.2:
  version "1.6.5"
  resolved "https://registry.yarnpkg.com/apollo-cache-inmemory/-/apollo-cache-inmemory-1.6.5.tgz#2ccaa3827686f6ed7fb634203dbf2b8d7015856a"
  integrity sha512-koB76JUDJaycfejHmrXBbWIN9pRKM0Z9CJGQcBzIOtmte1JhEBSuzsOUu7NQgiXKYI4iGoMREcnaWffsosZynA==
  dependencies:
    apollo-cache "^1.3.4"
    apollo-utilities "^1.3.3"
    optimism "^0.10.0"
    ts-invariant "^0.4.0"
    tslib "^1.10.0"

apollo-cache@1.3.4, apollo-cache@^1.3.4:
  version "1.3.4"
  resolved "https://registry.yarnpkg.com/apollo-cache/-/apollo-cache-1.3.4.tgz#0c9f63c793e1cd6e34c450f7668e77aff58c9a42"
  integrity sha512-7X5aGbqaOWYG+SSkCzJNHTz2ZKDcyRwtmvW4mGVLRqdQs+HxfXS4dUS2CcwrAj449se6tZ6NLUMnjko4KMt3KA==
  dependencies:
    apollo-utilities "^1.3.3"
    tslib "^1.10.0"

apollo-client@^2.6.3:
  version "2.6.8"
  resolved "https://registry.yarnpkg.com/apollo-client/-/apollo-client-2.6.8.tgz#01cebc18692abf90c6b3806414e081696b0fa537"
  integrity sha512-0zvJtAcONiozpa5z5zgou83iEKkBaXhhSSXJebFHRXs100SecDojyUWKjwTtBPn9HbM6o5xrvC5mo9VQ5fgAjw==
  dependencies:
    "@types/zen-observable" "^0.8.0"
    apollo-cache "1.3.4"
    apollo-link "^1.0.0"
    apollo-utilities "1.3.3"
    symbol-observable "^1.0.2"
    ts-invariant "^0.4.0"
    tslib "^1.10.0"
    zen-observable "^0.8.0"

apollo-link-context@^1.0.18:
  version "1.0.19"
  resolved "https://registry.yarnpkg.com/apollo-link-context/-/apollo-link-context-1.0.19.tgz#3c9ba5bf75ed5428567ce057b8837ef874a58987"
  integrity sha512-TUi5TyufU84hEiGkpt+5gdH5HkB3Gx46npNfoxR4of3DKBCMuItGERt36RCaryGcU/C3u2zsICU3tJ+Z9LjFoQ==
  dependencies:
    apollo-link "^1.2.13"
    tslib "^1.9.3"

apollo-link-http-common@^0.2.15:
  version "0.2.15"
  resolved "https://registry.yarnpkg.com/apollo-link-http-common/-/apollo-link-http-common-0.2.15.tgz#304e67705122bf69a9abaded4351b10bc5efd6d9"
  integrity sha512-+Heey4S2IPsPyTf8Ag3PugUupASJMW894iVps6hXbvwtg1aHSNMXUYO5VG7iRHkPzqpuzT4HMBanCTXPjtGzxg==
  dependencies:
    apollo-link "^1.2.13"
    ts-invariant "^0.4.0"
    tslib "^1.9.3"

apollo-link-http@^1.5.15:
  version "1.5.16"
  resolved "https://registry.yarnpkg.com/apollo-link-http/-/apollo-link-http-1.5.16.tgz#44fe760bcc2803b8a7f57fc9269173afb00f3814"
  integrity sha512-IA3xA/OcrOzINRZEECI6IdhRp/Twom5X5L9jMehfzEo2AXdeRwAMlH5LuvTZHgKD8V1MBnXdM6YXawXkTDSmJw==
  dependencies:
    apollo-link "^1.2.13"
    apollo-link-http-common "^0.2.15"
    tslib "^1.9.3"

apollo-link-ws@^1.0.18:
  version "1.0.19"
  resolved "https://registry.yarnpkg.com/apollo-link-ws/-/apollo-link-ws-1.0.19.tgz#dfa871d4df883a8777c9556c872fc892e103daa5"
  integrity sha512-mRXmeUkc55ixOdYRtfq5rq3o9sboKghKABKroDVhJnkdS56zthBEWMAD+phajujOUbqByxjok0te8ABqByBdeQ==
  dependencies:
    apollo-link "^1.2.13"
    tslib "^1.9.3"

apollo-link@^1.0.0, apollo-link@^1.2.12, apollo-link@^1.2.13:
  version "1.2.13"
  resolved "https://registry.yarnpkg.com/apollo-link/-/apollo-link-1.2.13.tgz#dff00fbf19dfcd90fddbc14b6a3f9a771acac6c4"
  integrity sha512-+iBMcYeevMm1JpYgwDEIDt/y0BB7VWyvlm/7x+TIPNLHCTCMgcEgDuW5kH86iQZWo0I7mNwQiTOz+/3ShPFmBw==
  dependencies:
    apollo-utilities "^1.3.0"
    ts-invariant "^0.4.0"
    tslib "^1.9.3"
    zen-observable-ts "^0.8.20"

apollo-utilities@1.3.3, apollo-utilities@^1.3.0, apollo-utilities@^1.3.3:
  version "1.3.3"
  resolved "https://registry.yarnpkg.com/apollo-utilities/-/apollo-utilities-1.3.3.tgz#f1854715a7be80cd810bc3ac95df085815c0787c"
  integrity sha512-F14aX2R/fKNYMvhuP2t9GD9fggID7zp5I96MF5QeKYWDWTrkRdHRp4+SVfXUVN+cXOaB/IebfvRtzPf25CM0zw==
  dependencies:
    "@wry/equality" "^0.1.2"
    fast-json-stable-stringify "^2.0.0"
    ts-invariant "^0.4.0"
    tslib "^1.10.0"

async-limiter@~1.0.0:
  version "1.0.1"
  resolved "https://registry.yarnpkg.com/async-limiter/-/async-limiter-1.0.1.tgz#dd379e94f0db8310b08291f9d64c3209766617fd"
  integrity sha512-csOlWGAcRFJaI6m+F2WKdnMKr4HhdhFVBk0H/QbJFMCr+uO2kwohwXQPxw/9OCxp05r5ghVBFSyioixx3gfkNQ==

backo2@^1.0.2:
  version "1.0.2"
  resolved "https://registry.yarnpkg.com/backo2/-/backo2-1.0.2.tgz#31ab1ac8b129363463e35b3ebb69f4dfcfba7947"
  integrity sha1-MasayLEpNjRj41s+u2n038+6eUc=

eventemitter3@^3.1.0:
  version "3.1.2"
  resolved "https://registry.yarnpkg.com/eventemitter3/-/eventemitter3-3.1.2.tgz#2d3d48f9c346698fce83a85d7d664e98535df6e7"
  integrity sha512-tvtQIeLVHjDkJYnzf2dgVMxfuSGJeM/7UCG17TT4EumTfNtF+0nebF/4zWOIkCreAbtNqhGEboB6BWrwqNaw4Q==

fast-json-stable-stringify@^2.0.0:
  version "2.1.0"
  resolved "https://registry.yarnpkg.com/fast-json-stable-stringify/-/fast-json-stable-stringify-2.1.0.tgz#874bf69c6f404c2b5d99c481341399fd55892633"
  integrity sha512-lhd/wF+Lk98HZoTCtlVraHtfh5XYijIjalXck7saUtuanSDyLMxnHhSXEDJqHxD7msR8D0uCmqlkwjCV8xvwHw==

graphql-tag@^2.10.1:
  version "2.10.1"
  resolved "https://registry.yarnpkg.com/graphql-tag/-/graphql-tag-2.10.1.tgz#10aa41f1cd8fae5373eaf11f1f67260a3cad5e02"
  integrity sha512-jApXqWBzNXQ8jYa/HLkZJaVw9jgwNqZkywa2zfFn16Iv1Zb7ELNHkJaXHR7Quvd5SIGsy6Ny7SUKATgnu05uEg==

"graphql@^0.9.0 || ^0.10.0 || ^0.11.0 || ^0.12.0 || ^0.13.0 || ^14.0.0":
  version "14.5.8"
  resolved "https://registry.yarnpkg.com/graphql/-/graphql-14.5.8.tgz#504f3d3114cb9a0a3f359bbbcf38d9e5bf6a6b3c"
  integrity sha512-MMwmi0zlVLQKLdGiMfWkgQD7dY/TUKt4L+zgJ/aR0Howebod3aNgP5JkgvAULiR2HPVZaP2VEElqtdidHweLkg==
  dependencies:
    iterall "^1.2.2"

iterall@^1.2.1, iterall@^1.2.2:
  version "1.2.2"
  resolved "https://registry.yarnpkg.com/iterall/-/iterall-1.2.2.tgz#92d70deb8028e0c39ff3164fdbf4d8b088130cd7"
  integrity sha512-yynBb1g+RFUPY64fTrFv7nsjRrENBQJaX2UL+2Szc9REFrSNm1rpSXHGzhmAy7a9uv3vlvgBlXnf9RqmPH1/DA==

optimism@^0.10.0:
  version "0.10.3"
  resolved "https://registry.yarnpkg.com/optimism/-/optimism-0.10.3.tgz#163268fdc741dea2fb50f300bedda80356445fd7"
  integrity sha512-9A5pqGoQk49H6Vhjb9kPgAeeECfUDF6aIICbMDL23kDLStBn1MWk3YvcZ4xWF9CsSf6XEgvRLkXy4xof/56vVw==
  dependencies:
    "@wry/context" "^0.4.0"

reflect-metadata@0.1.13:
  version "0.1.13"
  resolved "https://registry.yarnpkg.com/reflect-metadata/-/reflect-metadata-0.1.13.tgz#67ae3ca57c972a2aa1642b10fe363fe32d49dc08"
  integrity sha512-Ts1Y/anZELhSsjMcU605fU9RE4Oi3p5ORujwbIKXfWa+0Zxs510Qrmrce5/Jowq3cHSZSJqBjypxmHarc+vEWg==

rxjs@^6.5.3:
  version "6.5.3"
  resolved "https://registry.yarnpkg.com/rxjs/-/rxjs-6.5.3.tgz#510e26317f4db91a7eb1de77d9dd9ba0a4899a3a"
  integrity sha512-wuYsAYYFdWTAnAaPoKGNhfpWwKZbJW+HgAJ+mImp+Epl7BG8oNWBCTyRM8gba9k4lk8BgWdoYm21Mo/RYhhbgA==
  dependencies:
    tslib "^1.9.0"

shades@^2.1.0:
  version "2.1.0"
  resolved "https://registry.yarnpkg.com/shades/-/shades-2.1.0.tgz#5cefc51f6294769e3413d4e4050c9d4e7b00b245"
  integrity sha512-6D+4+lPBjc95ptStD9PzOfrEc2d7zwxWVn2SFEbYaI4EXB5+tcChhyGwOEvbEjGb+d1QS44AcYcSYgWNz5grzg==

subscriptions-transport-ws@^0.9.16:
  version "0.9.16"
  resolved "https://registry.yarnpkg.com/subscriptions-transport-ws/-/subscriptions-transport-ws-0.9.16.tgz#90a422f0771d9c32069294c08608af2d47f596ec"
  integrity sha512-pQdoU7nC+EpStXnCfh/+ho0zE0Z+ma+i7xvj7bkXKb1dvYHSZxgRPaU6spRP+Bjzow67c/rRDoix5RT0uU9omw==
  dependencies:
    backo2 "^1.0.2"
    eventemitter3 "^3.1.0"
    iterall "^1.2.1"
    symbol-observable "^1.0.4"
    ws "^5.2.0"

symbol-observable@^1.0.2, symbol-observable@^1.0.4:
  version "1.2.0"
  resolved "https://registry.yarnpkg.com/symbol-observable/-/symbol-observable-1.2.0.tgz#c22688aed4eab3cdc2dfeacbb561660560a00804"
  integrity sha512-e900nM8RRtGhlV36KGEU9k65K3mPb1WV70OdjfxlG2EAuM1noi/E/BaW/uMhL7bPEssK8QV57vN3esixjUvcXQ==

systemjs@0.21.4:
  version "0.21.4"
  resolved "https://registry.yarnpkg.com/systemjs/-/systemjs-0.21.4.tgz#043996efcac3fefcb7d62e8c40457a42e9c86e1e"
  integrity sha512-l1O8boHjAIY5UG74Xk4B63LK9QbFxv/FkQa//GGGWaTeQoMhTsWnFrYwPWBScSF4xQFMO/+v9QB4i633h8Oytw==

ts-invariant@^0.4.0:
  version "0.4.4"
  resolved "https://registry.yarnpkg.com/ts-invariant/-/ts-invariant-0.4.4.tgz#97a523518688f93aafad01b0e80eb803eb2abd86"
  integrity sha512-uEtWkFM/sdZvRNNDL3Ehu4WVpwaulhwQszV8mrtcdeE8nN00BV9mAmQ88RkrBhFgl9gMgvjJLAQcZbnPXI9mlA==
  dependencies:
    tslib "^1.9.3"

tslib@^1.10.0, tslib@^1.9.0, tslib@^1.9.3:
  version "1.10.0"
  resolved "https://registry.yarnpkg.com/tslib/-/tslib-1.10.0.tgz#c3c19f95973fb0a62973fb09d90d961ee43e5c8a"
  integrity sha512-qOebF53frne81cf0S9B41ByenJ3/IuH8yJKngAX35CmiZySA0khhkovshKK+jGCaMnVomla7gVlIcc3EvKPbTQ==

ws@^5.2.0:
  version "5.2.2"
  resolved "https://registry.yarnpkg.com/ws/-/ws-5.2.2.tgz#dffef14866b8e8dc9133582514d1befaf96e980f"
  integrity sha512-jaHFD6PFv6UgoIVda6qZllptQsMlDEJkTQcybzzXDYM1XO9Y8em691FGMPmM46WGyLU4z9KMgQN+qrux/nhlHA==
  dependencies:
    async-limiter "~1.0.0"

zen-observable-ts@^0.8.20:
  version "0.8.20"
  resolved "https://registry.yarnpkg.com/zen-observable-ts/-/zen-observable-ts-0.8.20.tgz#44091e335d3fcbc97f6497e63e7f57d5b516b163"
  integrity sha512-2rkjiPALhOtRaDX6pWyNqK1fnP5KkJJybYebopNSn6wDG1lxBoFs2+nwwXKoA6glHIrtwrfBBy6da0stkKtTAA==
  dependencies:
    tslib "^1.9.3"
    zen-observable "^0.8.0"

zen-observable@^0.8.0:
  version "0.8.15"
  resolved "https://registry.yarnpkg.com/zen-observable/-/zen-observable-0.8.15.tgz#96415c512d8e3ffd920afd3889604e30b9eaac15"
  integrity sha512-PQ2PC7R9rslx84ndNBZB/Dkv8V8fZEpk83RLgXtYd0fwUgEjseMn1Dgajh2x6S8QbZAFa9p2qVCEuYZNgve0dQ==
